
Microsoft Visual Studio Solution File, Format Version 12.00
# Visual Studio Version 16
VisualStudioVersion = 16.0.31911.196
MinimumVisualStudioVersion = 10.0.40219.1
Project("{FAE04EC0-301F-11D3-BF4B-00C04F79EFBC}") = "The Bunglow Cafe", "The Bunglow Cafe.csproj", "{FFB728CE-70F1-416B-84F2-8BAFCD85C260}"
EndProject
Global
	GlobalSection(SolutionConfigurationPlatforms) = preSolution
		Debug|Any CPU = Debug|Any CPU
		Release|Any CPU = Release|Any CPU
	EndGlobalSection
	GlobalSection(ProjectConfigurationPlatforms) = postSolution
		{FFB728CE-70F1-416B-84F2-8BAFCD85C260}.Debug|Any CPU.ActiveCfg = Debug|Any CPU
		{FFB728CE-70F1-416B-84F2-8BAFCD85C260}.Debug|Any CPU.Build.0 = Debug|Any CPU
		{FFB728CE-70F1-416B-84F2-8BAFCD85C260}.Release|Any CPU.ActiveCfg = Release|Any CPU
		{FFB728CE-70F1-416B-84F2-8BAFCD85C260}.Release|Any CPU.Build.0 = Release|Any CPU
	EndGlobalSection
	GlobalSection(SolutionProperties) = preSolution
		HideSolutionNode = FALSE
	EndGlobalSection
	GlobalSection(ExtensibilityGlobals) = postSolution
		SolutionGuid = {6E8BED68-3C7A-49BB-BEF6-EC35E995415E}
	EndGlobalSection
EndGlobal
